// !$*UTF8*$!
{
	archiveVersion = 1;
	classes = {
	};
	objectVersion = 55;
	objects = {

/* Begin PBXBuildFile section */
		7689CF472739A9B600153B4A /* PhotoRoomAPIExampleApp.swift in Sources */ = {isa = PBXBuildFile; fileRef = 7689CF462739A9B600153B4A /* PhotoRoomAPIExampleApp.swift */; };
		7689CF492739A9B600153B4A /* ContentView.swift in Sources */ = {isa = PBXBuildFile; fileRef = 7689CF482739A9B600153B4A /* ContentView.swift */; };
		7689CF4B2739A9B600153B4A /* Assets.xcassets in Resources */ = {isa = PBXBuildFile; fileRef = 7689CF4A2739A9B600153B4A /* Assets.xcassets */; };
		7689CF4E2739A9B600153B4A /* Preview Assets.xcassets in Resources */ = {isa = PBXBuildFile; fileRef = 7689CF4D2739A9B600153B4A /* Preview Assets.xcassets */; };
		7689CF5C2739AEAD00153B4A /* Constants.swift in Sources */ = {isa = PBXBuildFile; fileRef = 7689CF5B2739AEAD00153B4A /* Constants.swift */; };
		7689CF5E2739AF6900153B4A /* RemoveBackgroundService.swift in Sources */ = {isa = PBXBuildFile; fileRef = 7689CF5D2739AF6900153B4A /* RemoveBackgroundService.swift */; };
		7689CF612739B44D00153B4A /* PhotoRoomKit.xcframework in Frameworks */ = {isa = PBXBuildFile; fileRef = 7689CF602739B44D00153B4A /* PhotoRoomKit.xcframework */; };
		7689CF622739B44D00153B4A /* PhotoRoomKit.xcframework in Embed Frameworks */ = {isa = PBXBuildFile; fileRef = 7689CF602739B44D00153B4A /* PhotoRoomKit.xcframework */; settings = {ATTRIBUTES = (CodeSignOnCopy, RemoveHeadersOnCopy, ); }; };
		7689CF6B2739CB9100153B4A /* ImagePicker.swift in Sources */ = {isa = PBXBuildFile; fileRef = 7689CF6A2739CB9100153B4A /* ImagePicker.swift */; };
/* End PBXBuildFile section */

/* Begin PBXCopyFilesBuildPhase section */
		7689CF632739B44D00153B4A /* Embed Frameworks */ = {
			isa = PBXCopyFilesBuildPhase;
			buildActionMask = 2147483647;
			dstPath = "";
			dstSubfolderSpec = 10;
			files = (
				7689CF622739B44D00153B4A /* PhotoRoomKit.xcframework in Embed Frameworks */,
			);
			name = "Embed Frameworks";
			runOnlyForDeploymentPostprocessing = 0;
		};
/* End PBXCopyFilesBuildPhase section */

/* Begin PBXFileReference section */
		7689CF432739A9B600153B4A /* PhotoRoomAPIExample.app */ = {isa = PBXFileReference; explicitFileType = wrapper.application; includeInIndex = 0; path = PhotoRoomAPIExample.app; sourceTree = BUILT_PRODUCTS_DIR; };
		7689CF462739A9B600153B4A /* PhotoRoomAPIExampleApp.swift */ = {isa = PBXFileReference; lastKnownFileType = sourcecode.swift; path = PhotoRoomAPIExampleApp.swift; sourceTree = "<group>"; };
		7689CF482739A9B600153B4A /* ContentView.swift */ = {isa = PBXFileReference; lastKnownFileType = sourcecode.swift; path = ContentView.swift; sourceTree = "<group>"; };
		7689CF4A2739A9B600153B4A /* Assets.xcassets */ = {isa = PBXFileReference; lastKnownFileType = folder.assetcatalog; path = Assets.xcassets; sourceTree = "<group>"; };
		7689CF4D2739A9B600153B4A /* Preview Assets.xcassets */ = {isa = PBXFileReference; lastKnownFileType = folder.assetcatalog; path = "Preview Assets.xcassets"; sourceTree = "<group>"; };
		7689CF542739AC6B00153B4A /* README.md */ = {isa = PBXFileReference; lastKnownFileType = net.daringfireball.markdown; path = README.md; sourceTree = "<group>"; };
		7689CF5B2739AEAD00153B4A /* Constants.swift */ = {isa = PBXFileReference; lastKnownFileType = sourcecode.swift; path = Constants.swift; sourceTree = "<group>"; };
		7689CF5D2739AF6900153B4A /* RemoveBackgroundService.swift */ = {isa = PBXFileReference; lastKnownFileType = sourcecode.swift; path = RemoveBackgroundService.swift; sourceTree = "<group>"; };
		7689CF602739B44D00153B4A /* PhotoRoomKit.xcframework */ = {isa = PBXFileReference; lastKnownFileType = wrapper.xcframework; name = PhotoRoomKit.xcframework; path = Carthage/Build/PhotoRoomKit.xcframework; sourceTree = "<group>"; };
		7689CF6A2739CB9100153B4A /* ImagePicker.swift */ = {isa = PBXFileReference; lastKnownFileType = sourcecode.swift; path = ImagePicker.swift; sourceTree = "<group>"; };
/* End PBXFileReference section */

/* Begin PBXFrameworksBuildPhase section */
		7689CF402739A9B600153B4A /* Frameworks */ = {
			isa = PBXFrameworksBuildPhase;
			buildActionMask = 2147483647;
			files = (
				7689CF612739B44D00153B4A /* PhotoRoomKit.xcframework in Frameworks */,
			);
			runOnlyForDeploymentPostprocessing = 0;
		};
/* End PBXFrameworksBuildPhase section */

/* Begin PBXGroup section */
		7689CF3A2739A9B600153B4A = {
			isa = PBXGroup;
			children = (
				7689CF542739AC6B00153B4A /* README.md */,
				7689CF452739A9B600153B4A /* PhotoRoomAPIExample */,
				7689CF442739A9B600153B4A /* Products */,
				7689CF5F2739B44D00153B4A /* Frameworks */,
			);
			sourceTree = "<group>";
		};
		7689CF442739A9B600153B4A /* Products */ = {
			isa = PBXGroup;
			children = (
				7689CF432739A9B600153B4A /* PhotoRoomAPIExample.app */,
			);
			name = Products;
			sourceTree = "<group>";
		};
		7689CF452739A9B600153B4A /* PhotoRoomAPIExample */ = {
			isa = PBXGroup;
			children = (
				7689CF5B2739AEAD00153B4A /* Constants.swift */,
				7689CF552739AC7800153B4A /* App */,
				7689CF582739AC9600153B4A /* Models */,
				7689CF592739ACC200153B4A /* Network */,
				7689CF5A2739ACDD00153B4A /* UI */,
				7689CF4A2739A9B600153B4A /* Assets.xcassets */,
				7689CF4C2739A9B600153B4A /* Preview Content */,
			);
			path = PhotoRoomAPIExample;
			sourceTree = "<group>";
		};
		7689CF4C2739A9B600153B4A /* Preview Content */ = {
			isa = PBXGroup;
			children = (
				7689CF4D2739A9B600153B4A /* Preview Assets.xcassets */,
			);
			path = "Preview Content";
			sourceTree = "<group>";
		};
		7689CF552739AC7800153B4A /* App */ = {
			isa = PBXGroup;
			children = (
				7689CF462739A9B600153B4A /* PhotoRoomAPIExampleApp.swift */,
			);
			path = App;
			sourceTree = "<group>";
		};
		7689CF582739AC9600153B4A /* Models */ = {
			isa = PBXGroup;
			children = (
			);
			path = Models;
			sourceTree = "<group>";
		};
		7689CF592739ACC200153B4A /* Network */ = {
			isa = PBXGroup;
			children = (
				7689CF5D2739AF6900153B4A /* RemoveBackgroundService.swift */,
			);
			path = Network;
			sourceTree = "<group>";
		};
		7689CF5A2739ACDD00153B4A /* UI */ = {
			isa = PBXGroup;
			children = (
				7689CF482739A9B600153B4A /* ContentView.swift */,
				7689CF6A2739CB9100153B4A /* ImagePicker.swift */,
			);
			path = UI;
			sourceTree = "<group>";
		};
		7689CF5F2739B44D00153B4A /* Frameworks */ = {
			isa = PBXGroup;
			children = (
				7689CF602739B44D00153B4A /* PhotoRoomKit.xcframework */,
			);
			name = Frameworks;
			sourceTree = "<group>";
		};
/* End PBXGroup section */

/* Begin PBXNativeTarget section */
		7689CF422739A9B600153B4A /* PhotoRoomAPIExample */ = {
			isa = PBXNativeTarget;
			buildConfigurationList = 7689CF512739A9B600153B4A /* Build configuration list for PBXNativeTarget "PhotoRoomAPIExample" */;
			buildPhases = (
				7689CF3F2739A9B600153B4A /* Sources */,
				7689CF402739A9B600153B4A /* Frameworks */,
				7689CF412739A9B600153B4A /* Resources */,
				7689CF632739B44D00153B4A /* Embed Frameworks */,
			);
			buildRules = (
			);
			dependencies = (
			);
			name = PhotoRoomAPIExample;
			productName = PhotoRoomAPIExample;
			productReference = 7689CF432739A9B600153B4A /* PhotoRoomAPIExample.app */;
			productType = "com.apple.product-type.application";
		};
/* End PBXNativeTarget section */

/* Begin PBXProject section */
		7689CF3B2739A9B600153B4A /* Project object */ = {
			isa = PBXProject;
			attributes = {
				BuildIndependentTargetsInParallel = 1;
				LastSwiftUpdateCheck = 1310;
				LastUpgradeCheck = 1310;
				TargetAttributes = {
					7689CF422739A9B600153B4A = {
						CreatedOnToolsVersion = 13.1;
					};
				};
			};
			buildConfigurationList = 7689CF3E2739A9B600153B4A /* Build configuration list for PBXProject "PhotoRoomAPIExample" */;
			compatibilityVersion = "Xcode 13.0";
			developmentRegion = en;
			hasScannedForEncodings = 0;
			knownRegions = (
				en,
				Base,
			);
			mainGroup = 7689CF3A2739A9B600153B4A;
			productRefGroup = 7689CF442739A9B600153B4A /* Products */;
			projectDirPath = "";
			projectRoot = "";
			targets = (
				7689CF422739A9B600153B4A /* PhotoRoomAPIExample */,
			);
		};
/* End PBXProject section */

/* Begin PBXResourcesBuildPhase section */
		7689CF412739A9B600153B4A /* Resources */ = {
			isa = PBXResourcesBuildPhase;
			buildActionMask = 2147483647;
			files = (
				7689CF4E2739A9B600153B4A /* Preview Assets.xcassets in Resources */,
				7689CF4B2739A9B600153B4A /* Assets.xcassets in Resources */,
			);
			runOnlyForDeploymentPostprocessing = 0;
		};
/* End PBXResourcesBuildPhase section */

/* Begin PBXSourcesBuildPhase section */
		7689CF3F2739A9B600153B4A /* Sources */ = {
			isa = PBXSourcesBuildPhase;
			buildActionMask = 2147483647;
			files = (
				7689CF492739A9B600153B4A /* ContentView.swift in Sources */,
				7689CF472739A9B600153B4A /* PhotoRoomAPIExampleApp.swift in Sources */,
				7689CF6B2739CB9100153B4A /* ImagePicker.swift in Sources */,
				7689CF5C2739AEAD00153B4A /* Constants.swift in Sources */,
				7689CF5E2739AF6900153B4A /* RemoveBackgroundService.swift in Sources */,
			);
			runOnlyForDeploymentPostprocessing = 0;
		};
/* End PBXSourcesBuildPhase section */

/* Begin XCBuildConfiguration section */
		7689CF4F2739A9B600153B4A /* Debug */ = {
			isa = XCBuildConfiguration;
			buildSettings = {
				ALWAYS_SEARCH_USER_PATHS = NO;
				CLANG_ANALYZER_NONNULL = YES;
				CLANG_ANALYZER_NUMBER_OBJECT_CONVERSION = YES_AGGRESSIVE;
				CLANG_CXX_LANGUAGE_STANDARD = "gnu++17";
				CLANG_CXX_LIBRARY = "libc++";
				CLANG_ENABLE_MODULES = YES;
				CLANG_ENABLE_OBJC_ARC = YES;
				CLANG_ENABLE_OBJC_WEAK = YES;
				CLANG_WARN_BLOCK_CAPTURE_AUTORELEASING = YES;
				CLANG_WARN_BOOL_CONVERSION = YES;
				CLANG_WARN_COMMA = YES;
				CLANG_WARN_CONSTANT_CONVERSION = YES;
				CLANG_WARN_DEPRECATED_OBJC_IMPLEMENTATIONS = YES;
				CLANG_WARN_DIRECT_OBJC_ISA_USAGE = YES_ERROR;
				CLANG_WARN_DOCUMENTATION_COMMENTS = YES;
				CLANG_WARN_EMPTY_BODY = YES;
				CLANG_WARN_ENUM_CONVERSION = YES;
				CLANG_WARN_INFINITE_RECURSION = YES;
				CLANG_WARN_INT_CONVERSION = YES;
				CLANG_WARN_NON_LITERAL_NULL_CONVERSION = YES;
				CLANG_WARN_OBJC_IMPLICIT_RETAIN_SELF = YES;
				CLANG_WARN_OBJC_LITERAL_CONVERSION = YES;
				CLANG_WARN_OBJC_ROOT_CLASS = YES_ERROR;
				CLANG_WARN_QUOTED_INCLUDE_IN_FRAMEWORK_HEADER = YES;
				CLANG_WARN_RANGE_LOOP_ANALYSIS = YES;
				CLANG_WARN_STRICT_PROTOTYPES = YES;
				CLANG_WARN_SUSPICIOUS_MOVE = YES;
				CLANG_WARN_UNGUARDED_AVAILABILITY = YES_AGGRESSIVE;
				CLANG_WARN_UNREACHABLE_CODE = YES;
				CLANG_WARN__DUPLICATE_METHOD_MATCH = YES;
				COPY_PHASE_STRIP = NO;
				DEBUG_INFORMATION_FORMAT = dwarf;
				ENABLE_STRICT_OBJC_MSGSEND = YES;
				ENABLE_TESTABILITY = YES;
				GCC_C_LANGUAGE_STANDARD = gnu11;
				GCC_DYNAMIC_NO_PIC = NO;
				GCC_NO_COMMON_BLOCKS = YES;
				GCC_OPTIMIZATION_LEVEL = 0;
				GCC_PREPROCESSOR_DEFINITIONS = (
					"DEBUG=1",
					"$(inherited)",
				);
				GCC_WARN_64_TO_32_BIT_CONVERSION = YES;
				GCC_WARN_ABOUT_RETURN_TYPE = YES_ERROR;
				GCC_WARN_UNDECLARED_SELECTOR = YES;
				GCC_WARN_UNINITIALIZED_AUTOS = YES_AGGRESSIVE;
				GCC_WARN_UNUSED_FUNCTION = YES;
				GCC_WARN_UNUSED_VARIABLE = YES;
				IPHONEOS_DEPLOYMENT_TARGET = 15.0;
				MTL_ENABLE_DEBUG_INFO = INCLUDE_SOURCE;
				MTL_FAST_MATH = YES;
				ONLY_ACTIVE_ARCH = YES;
				SDKROOT = iphoneos;
				SWIFT_ACTIVE_COMPILATION_CONDITIONS = DEBUG;
				SWIFT_OPTIMIZATION_LEVEL = "-Onone";
			};
			name = Debug;
		};
		7689CF502739A9B600153B4A /* Release */ = {
			isa = XCBuildConfiguration;
			buildSettings = {
				ALWAYS_SEARCH_USER_PATHS = NO;
				CLANG_ANALYZER_NONNULL = YES;
				CLANG_ANALYZER_NUMBER_OBJECT_CONVERSION = YES_AGGRESSIVE;
				CLANG_CXX_LANGUAGE_STANDARD = "gnu++17";
				CLANG_CXX_LIBRARY = "libc++";
				CLANG_ENABLE_MODULES = YES;
				CLANG_ENABLE_OBJC_ARC = YES;
				CLANG_ENABLE_OBJC_WEAK = YES;
				CLANG_WARN_BLOCK_CAPTURE_AUTORELEASING = YES;
				CLANG_WARN_BOOL_CONVERSION = YES;
				CLANG_WARN_COMMA = YES;
				CLANG_WARN_CONSTANT_CONVERSION = YES;
				CLANG_WARN_DEPRECATED_OBJC_IMPLEMENTATIONS = YES;
				CLANG_WARN_DIRECT_OBJC_ISA_USAGE = YES_ERROR;
				CLANG_WARN_DOCUMENTATION_COMMENTS = YES;
				CLANG_WARN_EMPTY_BODY = YES;
				CLANG_WARN_ENUM_CONVERSION = YES;
				CLANG_WARN_INFINITE_RECURSION = YES;
				CLANG_WARN_INT_CONVERSION = YES;
				CLANG_WARN_NON_LITERAL_NULL_CONVERSION = YES;
				CLANG_WARN_OBJC_IMPLICIT_RETAIN_SELF = YES;
				CLANG_WARN_OBJC_LITERAL_CONVERSION = YES;
				CLANG_WARN_OBJC_ROOT_CLASS = YES_ERROR;
				CLANG_WARN_QUOTED_INCLUDE_IN_FRAMEWORK_HEADER = YES;
				CLANG_WARN_RANGE_LOOP_ANALYSIS = YES;
				CLANG_WARN_STRICT_PROTOTYPES = YES;
				CLANG_WARN_SUSPICIOUS_MOVE = YES;
				CLANG_WARN_UNGUARDED_AVAILABILITY = YES_AGGRESSIVE;
				CLANG_WARN_UNREACHABLE_CODE = YES;
				CLANG_WARN__DUPLICATE_METHOD_MATCH = YES;
				COPY_PHASE_STRIP = NO;
				DEBUG_INFORMATION_FORMAT = "dwarf-with-dsym";
				ENABLE_NS_ASSERTIONS = NO;
				ENABLE_STRICT_OBJC_MSGSEND = YES;
				GCC_C_LANGUAGE_STANDARD = gnu11;
				GCC_NO_COMMON_BLOCKS = YES;
				GCC_WARN_64_TO_32_BIT_CONVERSION = YES;
				GCC_WARN_ABOUT_RETURN_TYPE = YES_ERROR;
				GCC_WARN_UNDECLARED_SELECTOR = YES;
				GCC_WARN_UNINITIALIZED_AUTOS = YES_AGGRESSIVE;
				GCC_WARN_UNUSED_FUNCTION = YES;
				GCC_WARN_UNUSED_VARIABLE = YES;
				IPHONEOS_DEPLOYMENT_TARGET = 15.0;
				MTL_ENABLE_DEBUG_INFO = NO;
				MTL_FAST_MATH = YES;
				SDKROOT = iphoneos;
				SWIFT_COMPILATION_MODE = wholemodule;
				SWIFT_OPTIMIZATION_LEVEL = "-O";
				VALIDATE_PRODUCT = YES;
			};
			name = Release;
		};
		7689CF522739A9B600153B4A /* Debug */ = {
			isa = XCBuildConfiguration;
			buildSettings = {
				ASSETCATALOG_COMPILER_APPICON_NAME = AppIcon;
				ASSETCATALOG_COMPILER_GLOBAL_ACCENT_COLOR_NAME = AccentColor;
				CODE_SIGN_STYLE = Automatic;
				CURRENT_PROJECT_VERSION = 1;
				DEVELOPMENT_ASSET_PATHS = "\"PhotoRoomAPIExample/Preview Content\"";
				DEVELOPMENT_TEAM = VEUVN4UK7N;
				ENABLE_PREVIEWS = YES;
				GENERATE_INFOPLIST_FILE = YES;
				INFOPLIST_KEY_NSPhotoLibraryUsageDescription = "We need access to the photo library 🙏🏽";
				INFOPLIST_KEY_UIApplicationSceneManifest_Generation = YES;
				INFOPLIST_KEY_UIApplicationSupportsIndirectInputEvents = YES;
				INFOPLIST_KEY_UILaunchScreen_Generation = YES;
				INFOPLIST_KEY_UISupportedInterfaceOrientations_iPad = "UIInterfaceOrientationPortrait UIInterfaceOrientationPortraitUpsideDown UIInterfaceOrientationLandscapeLeft UIInterfaceOrientationLandscapeRight";
				INFOPLIST_KEY_UISupportedInterfaceOrientations_iPhone = "UIInterfaceOrientationPortrait UIInterfaceOrientationLandscapeLeft UIInterfaceOrientationLandscapeRight";
				LD_RUNPATH_SEARCH_PATHS = (
					"$(inherited)",
					"@executable_path/Frameworks",
				);
				MARKETING_VERSION = 1.0;
				PRODUCT_BUNDLE_IDENTIFIER = com.zebaze.PhotoRoomAPIExample;
				PRODUCT_NAME = "$(TARGET_NAME)";
				SWIFT_EMIT_LOC_STRINGS = YES;
				SWIFT_VERSION = 5.0;
				TARGETED_DEVICE_FAMILY = "1,2";
			};
			name = Debug;
		};
		7689CF532739A9B600153B4A /* Release */ = {
			isa = XCBuildConfiguration;
			buildSettings = {
				ASSETCATALOG_COMPILER_APPICON_NAME = AppIcon;
				ASSETCATALOG_COMPILER_GLOBAL_ACCENT_COLOR_NAME = AccentColor;
				CODE_SIGN_STYLE = Automatic;
				CURRENT_PROJECT_VERSION = 1;
				DEVELOPMENT_ASSET_PATHS = "\"PhotoRoomAPIExample/Preview Content\"";
				DEVELOPMENT_TEAM = VEUVN4UK7N;
				ENABLE_PREVIEWS = YES;
				GENERATE_INFOPLIST_FILE = YES;
				INFOPLIST_KEY_NSPhotoLibraryUsageDescription = "We need access to the photo library 🙏🏽";
				INFOPLIST_KEY_UIApplicationSceneManifest_Generation = YES;
				INFOPLIST_KEY_UIApplicationSupportsIndirectInputEvents = YES;
				INFOPLIST_KEY_UILaunchScreen_Generation = YES;
				INFOPLIST_KEY_UISupportedInterfaceOrientations_iPad = "UIInterfaceOrientationPortrait UIInterfaceOrientationPortraitUpsideDown UIInterfaceOrientationLandscapeLeft UIInterfaceOrientationLandscapeRight";
				INFOPLIST_KEY_UISupportedInterfaceOrientations_iPhone = "UIInterfaceOrientationPortrait UIInterfaceOrientationLandscapeLeft UIInterfaceOrientationLandscapeRight";
				LD_RUNPATH_SEARCH_PATHS = (
					"$(inherited)",
					"@executable_path/Frameworks",
				);
				MARKETING_VERSION = 1.0;
				PRODUCT_BUNDLE_IDENTIFIER = com.zebaze.PhotoRoomAPIExample;
				PRODUCT_NAME = "$(TARGET_NAME)";
				SWIFT_EMIT_LOC_STRINGS = YES;
				SWIFT_VERSION = 5.0;
				TARGETED_DEVICE_FAMILY = "1,2";
			};
			name = Release;
		};
/* End XCBuildConfiguration section */

/* Begin XCConfigurationList section */
		7689CF3E2739A9B600153B4A /* Build configuration list for PBXProject "PhotoRoomAPIExample" */ = {
			isa = XCConfigurationList;
			buildConfigurations = (
				7689CF4F2739A9B600153B4A /* Debug */,
				7689CF502739A9B600153B4A /* Release */,
			);
			defaultConfigurationIsVisible = 0;
			defaultConfigurationName = Release;
		};
		7689CF512739A9B600153B4A /* Build configuration list for PBXNativeTarget "PhotoRoomAPIExample" */ = {
			isa = XCConfigurationList;
			buildConfigurations = (
				7689CF522739A9B600153B4A /* Debug */,
				7689CF532739A9B600153B4A /* Release */,
			);
			defaultConfigurationIsVisible = 0;
			defaultConfigurationName = Release;
		};
/* End XCConfigurationList section */
	};
	rootObject = 7689CF3B2739A9B600153B4A /* Project object */;
}
